
Microsoft Visual Studio Solution File, Format Version 12.00
# Visual Studio Version 17
VisualStudioVersion = 17.5.33516.290
MinimumVisualStudioVersion = 10.0.40219.1
Project("{FAE04EC0-301F-11D3-BF4B-00C04F79EFBC}") = "BulkyWeb", "BulkyWeb\BulkyWeb.csproj", "{D9272B61-C2D4-42D8-A177-4405AB70F42E}"
EndProject
Global
	GlobalSection(SolutionConfigurationPlatforms) = preSolution
		Debug|Any CPU = Debug|Any CPU
		Release|Any CPU = Release|Any CPU
	EndGlobalSection
	GlobalSection(ProjectConfigurationPlatforms) = postSolution
		{D9272B61-C2D4-42D8-A177-4405AB70F42E}.Debug|Any CPU.ActiveCfg = Debug|Any CPU
		{D9272B61-C2D4-42D8-A177-4405AB70F42E}.Debug|Any CPU.Build.0 = Debug|Any CPU
		{D9272B61-C2D4-42D8-A177-4405AB70F42E}.Release|Any CPU.ActiveCfg = Release|Any CPU
		{D9272B61-C2D4-42D8-A177-4405AB70F42E}.Release|Any CPU.Build.0 = Release|Any CPU
	EndGlobalSection
	GlobalSection(SolutionProperties) = preSolution
		HideSolutionNode = FALSE
	EndGlobalSection
	GlobalSection(ExtensibilityGlobals) = postSolution
		SolutionGuid = {EC088143-0D65-4F49-A67D-120736A5AC7A}
	EndGlobalSection
EndGlobal
